
Microsoft Visual Studio Solution File, Format Version 12.00
# Visual Studio Version 16
VisualStudioVersion = 16.0.31005.135
MinimumVisualStudioVersion = 10.0.40219.1
Project("{FAE04EC0-301F-11D3-BF4B-00C04F79EFBC}") = "Ejercicio_Int", "Ejercicio_Int\Ejercicio_Int.csproj", "{B42DEDAE-40E1-480D-BD0C-24B2A715F325}"
EndProject
Project("{FAE04EC0-301F-11D3-BF4B-00C04F79EFBC}") = "CalculoPerimetro", "CalculoPerimetro\CalculoPerimetro.csproj", "{A588F332-8667-4412-8C70-4FD73E471FE9}"
EndProject
Project("{FAE04EC0-301F-11D3-BF4B-00C04F79EFBC}") = "Ejercicio_String", "Ejercicio_String\Ejercicio_String.csproj", "{091B1A89-5BE2-45A6-9CA4-999D52098EE0}"
EndProject
Global
	GlobalSection(SolutionConfigurationPlatforms) = preSolution
		Debug|Any CPU = Debug|Any CPU
		Release|Any CPU = Release|Any CPU
	EndGlobalSection
	GlobalSection(ProjectConfigurationPlatforms) = postSolution
		{B42DEDAE-40E1-480D-BD0C-24B2A715F325}.Debug|Any CPU.ActiveCfg = Debug|Any CPU
		{B42DEDAE-40E1-480D-BD0C-24B2A715F325}.Debug|Any CPU.Build.0 = Debug|Any CPU
		{B42DEDAE-40E1-480D-BD0C-24B2A715F325}.Release|Any CPU.ActiveCfg = Release|Any CPU
		{B42DEDAE-40E1-480D-BD0C-24B2A715F325}.Release|Any CPU.Build.0 = Release|Any CPU
		{A588F332-8667-4412-8C70-4FD73E471FE9}.Debug|Any CPU.ActiveCfg = Debug|Any CPU
		{A588F332-8667-4412-8C70-4FD73E471FE9}.Debug|Any CPU.Build.0 = Debug|Any CPU
		{A588F332-8667-4412-8C70-4FD73E471FE9}.Release|Any CPU.ActiveCfg = Release|Any CPU
		{A588F332-8667-4412-8C70-4FD73E471FE9}.Release|Any CPU.Build.0 = Release|Any CPU
		{091B1A89-5BE2-45A6-9CA4-999D52098EE0}.Debug|Any CPU.ActiveCfg = Debug|Any CPU
		{091B1A89-5BE2-45A6-9CA4-999D52098EE0}.Debug|Any CPU.Build.0 = Debug|Any CPU
		{091B1A89-5BE2-45A6-9CA4-999D52098EE0}.Release|Any CPU.ActiveCfg = Release|Any CPU
		{091B1A89-5BE2-45A6-9CA4-999D52098EE0}.Release|Any CPU.Build.0 = Release|Any CPU
	EndGlobalSection
	GlobalSection(SolutionProperties) = preSolution
		HideSolutionNode = FALSE
	EndGlobalSection
	GlobalSection(ExtensibilityGlobals) = postSolution
		SolutionGuid = {8BC199AC-92BA-4EAC-B9BF-53570949F1DA}
	EndGlobalSection
EndGlobal
